
Microsoft Visual Studio Solution File, Format Version 12.00
# Visual Studio Version 16
VisualStudioVersion = 16.0.30711.63
MinimumVisualStudioVersion = 10.0.40219.1
Project("{2150E333-8FDC-42A3-9474-1A3956D46DE8}") = "2. src", "2. src", "{AC8403A0-23C8-48D7-A811-8AE885C15F53}"
EndProject
Project("{2150E333-8FDC-42A3-9474-1A3956D46DE8}") = "1. sln", "1. sln", "{6D660A81-323F-4049-A223-26AC55CB92CD}"
	ProjectSection(SolutionItems) = preProject
		.gitattributes = .gitattributes
		.gitignore = .gitignore
	EndProjectSection
EndProject
Project("{9A19103F-16F7-4668-BE54-9A1E7A4F7556}") = "WorldHeightmap.Client", "WorldHeightmap.Client\WorldHeightmap.Client.csproj", "{8D3DCB57-B17D-466E-917F-C7D3FDC2544B}"
EndProject
Project("{9A19103F-16F7-4668-BE54-9A1E7A4F7556}") = "WorldHeightmap.Core", "WorldHeightmap.Core\WorldHeightmap.Core.csproj", "{CD359EF8-0C0A-4659-BE5F-FA1721F5EC04}"
EndProject
Global
	GlobalSection(SolutionConfigurationPlatforms) = preSolution
		Debug|Any CPU = Debug|Any CPU
		Release|Any CPU = Release|Any CPU
	EndGlobalSection
	GlobalSection(ProjectConfigurationPlatforms) = postSolution
		{8D3DCB57-B17D-466E-917F-C7D3FDC2544B}.Debug|Any CPU.ActiveCfg = Debug|Any CPU
		{8D3DCB57-B17D-466E-917F-C7D3FDC2544B}.Debug|Any CPU.Build.0 = Debug|Any CPU
		{8D3DCB57-B17D-466E-917F-C7D3FDC2544B}.Release|Any CPU.ActiveCfg = Release|Any CPU
		{8D3DCB57-B17D-466E-917F-C7D3FDC2544B}.Release|Any CPU.Build.0 = Release|Any CPU
		{CD359EF8-0C0A-4659-BE5F-FA1721F5EC04}.Debug|Any CPU.ActiveCfg = Debug|Any CPU
		{CD359EF8-0C0A-4659-BE5F-FA1721F5EC04}.Debug|Any CPU.Build.0 = Debug|Any CPU
		{CD359EF8-0C0A-4659-BE5F-FA1721F5EC04}.Release|Any CPU.ActiveCfg = Release|Any CPU
		{CD359EF8-0C0A-4659-BE5F-FA1721F5EC04}.Release|Any CPU.Build.0 = Release|Any CPU
	EndGlobalSection
	GlobalSection(SolutionProperties) = preSolution
		HideSolutionNode = FALSE
	EndGlobalSection
	GlobalSection(NestedProjects) = preSolution
		{8D3DCB57-B17D-466E-917F-C7D3FDC2544B} = {AC8403A0-23C8-48D7-A811-8AE885C15F53}
		{CD359EF8-0C0A-4659-BE5F-FA1721F5EC04} = {AC8403A0-23C8-48D7-A811-8AE885C15F53}
	EndGlobalSection
	GlobalSection(ExtensibilityGlobals) = postSolution
		SolutionGuid = {DCD5A443-C7B8-4D9B-A83C-5198F5265962}
	EndGlobalSection
EndGlobal
