
Microsoft Visual Studio Solution File, Format Version 12.00
# Visual Studio Version 16
VisualStudioVersion = 16.0.30711.63
MinimumVisualStudioVersion = 10.0.40219.1
Project("{2150E333-8FDC-42A3-9474-1A3956D46DE8}") = "2. src", "2. src", "{AC8403A0-23C8-48D7-A811-8AE885C15F53}"
EndProject
Project("{2150E333-8FDC-42A3-9474-1A3956D46DE8}") = "1. sln", "1. sln", "{6D660A81-323F-4049-A223-26AC55CB92CD}"
	ProjectSection(SolutionItems) = preProject
		.gitignore = .gitignore
	EndProjectSection
EndProject
Project("{9A19103F-16F7-4668-BE54-9A1E7A4F7556}") = "WorldHeightmapCore", "WorldHeightmapCore\WorldHeightmapCore.csproj", "{F03DCC7D-746D-4A81-B219-E5D1E2CD1856}"
EndProject
Project("{9A19103F-16F7-4668-BE54-9A1E7A4F7556}") = "WorldHeightmapClient", "WorldHeightmapClient\WorldHeightmapClient.csproj", "{A5634D73-D3C8-4F01-8118-89F4E5E6C0B5}"
EndProject
Global
	GlobalSection(SolutionConfigurationPlatforms) = preSolution
		Debug|Any CPU = Debug|Any CPU
		Release|Any CPU = Release|Any CPU
	EndGlobalSection
	GlobalSection(ProjectConfigurationPlatforms) = postSolution
		{F03DCC7D-746D-4A81-B219-E5D1E2CD1856}.Debug|Any CPU.ActiveCfg = Debug|Any CPU
		{F03DCC7D-746D-4A81-B219-E5D1E2CD1856}.Debug|Any CPU.Build.0 = Debug|Any CPU
		{F03DCC7D-746D-4A81-B219-E5D1E2CD1856}.Release|Any CPU.ActiveCfg = Release|Any CPU
		{F03DCC7D-746D-4A81-B219-E5D1E2CD1856}.Release|Any CPU.Build.0 = Release|Any CPU
		{A5634D73-D3C8-4F01-8118-89F4E5E6C0B5}.Debug|Any CPU.ActiveCfg = Debug|Any CPU
		{A5634D73-D3C8-4F01-8118-89F4E5E6C0B5}.Debug|Any CPU.Build.0 = Debug|Any CPU
		{A5634D73-D3C8-4F01-8118-89F4E5E6C0B5}.Release|Any CPU.ActiveCfg = Release|Any CPU
		{A5634D73-D3C8-4F01-8118-89F4E5E6C0B5}.Release|Any CPU.Build.0 = Release|Any CPU
	EndGlobalSection
	GlobalSection(SolutionProperties) = preSolution
		HideSolutionNode = FALSE
	EndGlobalSection
	GlobalSection(NestedProjects) = preSolution
		{F03DCC7D-746D-4A81-B219-E5D1E2CD1856} = {AC8403A0-23C8-48D7-A811-8AE885C15F53}
		{A5634D73-D3C8-4F01-8118-89F4E5E6C0B5} = {AC8403A0-23C8-48D7-A811-8AE885C15F53}
	EndGlobalSection
	GlobalSection(ExtensibilityGlobals) = postSolution
		SolutionGuid = {DCD5A443-C7B8-4D9B-A83C-5198F5265962}
	EndGlobalSection
EndGlobal
